
Microsoft Visual Studio Solution File, Format Version 12.00
Project("{FAE04EC0-301F-11D3-BF4B-00C04F79EFBC}") = "YYC.Npgsql", "YYC.Npgsql.csproj", "{78B9898B-73D8-4E56-8BD4-5C9B7626F603}"
EndProject
Global
	GlobalSection(SolutionConfigurationPlatforms) = preSolution
		Debug|Any CPU = Debug|Any CPU
		Release|Any CPU = Release|Any CPU
	EndGlobalSection
	GlobalSection(ProjectConfigurationPlatforms) = postSolution
		{78B9898B-73D8-4E56-8BD4-5C9B7626F603}.Debug|Any CPU.ActiveCfg = Debug|Any CPU
		{78B9898B-73D8-4E56-8BD4-5C9B7626F603}.Debug|Any CPU.Build.0 = Debug|Any CPU
		{78B9898B-73D8-4E56-8BD4-5C9B7626F603}.Release|Any CPU.ActiveCfg = Release|Any CPU
		{78B9898B-73D8-4E56-8BD4-5C9B7626F603}.Release|Any CPU.Build.0 = Release|Any CPU
	EndGlobalSection
EndGlobal
